
Microsoft Visual Studio Solution File, Format Version 12.00
# Visual Studio Version 17
VisualStudioVersion = 17.14.36127.28 d17.14
MinimumVisualStudioVersion = 10.0.40219.1
Project("{FAE04EC0-301F-11D3-BF4B-00C04F79EFBC}") = "Server", "Server\Server.csproj", "{062DD12E-DEDA-4771-BAE5-B61E6B221BE3}"
EndProject
Global
	GlobalSection(SolutionConfigurationPlatforms) = preSolution
		Debug|Any CPU = Debug|Any CPU
		Release|Any CPU = Release|Any CPU
	EndGlobalSection
	GlobalSection(ProjectConfigurationPlatforms) = postSolution
		{062DD12E-DEDA-4771-BAE5-B61E6B221BE3}.Debug|Any CPU.ActiveCfg = Debug|Any CPU
		{062DD12E-DEDA-4771-BAE5-B61E6B221BE3}.Debug|Any CPU.Build.0 = Debug|Any CPU
		{062DD12E-DEDA-4771-BAE5-B61E6B221BE3}.Release|Any CPU.ActiveCfg = Release|Any CPU
		{062DD12E-DEDA-4771-BAE5-B61E6B221BE3}.Release|Any CPU.Build.0 = Release|Any CPU
	EndGlobalSection
	GlobalSection(SolutionProperties) = preSolution
		HideSolutionNode = FALSE
	EndGlobalSection
	GlobalSection(ExtensibilityGlobals) = postSolution
		SolutionGuid = {0A068182-66E0-4084-92FD-4EC96A12856D}
	EndGlobalSection
EndGlobal
